
Microsoft Visual Studio Solution File, Format Version 12.00
# Visual Studio Version 17
VisualStudioVersion = 17.13.35931.197
MinimumVisualStudioVersion = 10.0.40219.1
Project("{8BC9CEB8-8B4A-11D0-8D11-00A0C91BC942}") = "Codingpass", "For coding pass one desktop\For coding pass one desktop.vcxproj", "{C8E83420-E251-462A-90EB-83A1DF3A47AC}"
EndProject
Project("{8BC9CEB8-8B4A-11D0-8D11-00A0C91BC942}") = "1204", "1204\1204.vcxproj", "{B823AFD0-1621-4FBF-9B5F-D77DE5015923}"
EndProject
Global
	GlobalSection(SolutionConfigurationPlatforms) = preSolution
		Debug|x64 = Debug|x64
		Debug|x86 = Debug|x86
		Release|x64 = Release|x64
		Release|x86 = Release|x86
	EndGlobalSection
	GlobalSection(ProjectConfigurationPlatforms) = postSolution
		{C8E83420-E251-462A-90EB-83A1DF3A47AC}.Debug|x64.ActiveCfg = Debug|x64
		{C8E83420-E251-462A-90EB-83A1DF3A47AC}.Debug|x64.Build.0 = Debug|x64
		{C8E83420-E251-462A-90EB-83A1DF3A47AC}.Debug|x86.ActiveCfg = Debug|Win32
		{C8E83420-E251-462A-90EB-83A1DF3A47AC}.Debug|x86.Build.0 = Debug|Win32
		{C8E83420-E251-462A-90EB-83A1DF3A47AC}.Release|x64.ActiveCfg = Release|x64
		{C8E83420-E251-462A-90EB-83A1DF3A47AC}.Release|x64.Build.0 = Release|x64
		{C8E83420-E251-462A-90EB-83A1DF3A47AC}.Release|x86.ActiveCfg = Release|Win32
		{C8E83420-E251-462A-90EB-83A1DF3A47AC}.Release|x86.Build.0 = Release|Win32
		{B823AFD0-1621-4FBF-9B5F-D77DE5015923}.Debug|x64.ActiveCfg = Debug|x64
		{B823AFD0-1621-4FBF-9B5F-D77DE5015923}.Debug|x64.Build.0 = Debug|x64
		{B823AFD0-1621-4FBF-9B5F-D77DE5015923}.Debug|x86.ActiveCfg = Debug|Win32
		{B823AFD0-1621-4FBF-9B5F-D77DE5015923}.Debug|x86.Build.0 = Debug|Win32
		{B823AFD0-1621-4FBF-9B5F-D77DE5015923}.Release|x64.ActiveCfg = Release|x64
		{B823AFD0-1621-4FBF-9B5F-D77DE5015923}.Release|x64.Build.0 = Release|x64
		{B823AFD0-1621-4FBF-9B5F-D77DE5015923}.Release|x86.ActiveCfg = Release|Win32
		{B823AFD0-1621-4FBF-9B5F-D77DE5015923}.Release|x86.Build.0 = Release|Win32
	EndGlobalSection
	GlobalSection(SolutionProperties) = preSolution
		HideSolutionNode = FALSE
	EndGlobalSection
	GlobalSection(ExtensibilityGlobals) = postSolution
		SolutionGuid = {1FC43864-9332-452E-A9CD-5ACB5030BE96}
	EndGlobalSection
EndGlobal
